
Microsoft Visual Studio Solution File, Format Version 12.00
# Visual Studio Version 18
VisualStudioVersion = 18.4.11605.240 stable
MinimumVisualStudioVersion = 10.0.40219.1
Project("{FAE04EC0-301F-11D3-BF4B-00C04F79EFBC}") = "QueueTheMagic", "api\QueueTheMagic.csproj", "{7C5666C1-E697-9333-FD19-A3B49721132B}"
EndProject
Global
	GlobalSection(SolutionConfigurationPlatforms) = preSolution
		Debug|Any CPU = Debug|Any CPU
		Release|Any CPU = Release|Any CPU
	EndGlobalSection
	GlobalSection(ProjectConfigurationPlatforms) = postSolution
		{7C5666C1-E697-9333-FD19-A3B49721132B}.Debug|Any CPU.ActiveCfg = Debug|Any CPU
		{7C5666C1-E697-9333-FD19-A3B49721132B}.Debug|Any CPU.Build.0 = Debug|Any CPU
		{7C5666C1-E697-9333-FD19-A3B49721132B}.Release|Any CPU.ActiveCfg = Release|Any CPU
		{7C5666C1-E697-9333-FD19-A3B49721132B}.Release|Any CPU.Build.0 = Release|Any CPU
	EndGlobalSection
	GlobalSection(SolutionProperties) = preSolution
		HideSolutionNode = FALSE
	EndGlobalSection
	GlobalSection(ExtensibilityGlobals) = postSolution
		SolutionGuid = {6EADC21E-345D-4AEF-8FFA-D47AE5390441}
	EndGlobalSection
EndGlobal
